
Microsoft Visual Studio Solution File, Format Version 12.00
# Visual Studio Version 16
VisualStudioVersion = 16.0.30717.126
MinimumVisualStudioVersion = 10.0.40219.1
Project("{FAE04EC0-301F-11D3-BF4B-00C04F79EFBC}") = "Server", "SimpleServerASSIGNMENT\Server.csproj", "{DAAE97C8-C2DB-4569-959A-628618D67CE3}"
EndProject
Project("{FAE04EC0-301F-11D3-BF4B-00C04F79EFBC}") = "Client", "Client\Client.csproj", "{3302EB3E-7348-49E7-9348-75C75044642F}"
EndProject
Global
	GlobalSection(SolutionConfigurationPlatforms) = preSolution
		Debug|Any CPU = Debug|Any CPU
		Release|Any CPU = Release|Any CPU
	EndGlobalSection
	GlobalSection(ProjectConfigurationPlatforms) = postSolution
		{DAAE97C8-C2DB-4569-959A-628618D67CE3}.Debug|Any CPU.ActiveCfg = Debug|Any CPU
		{DAAE97C8-C2DB-4569-959A-628618D67CE3}.Debug|Any CPU.Build.0 = Debug|Any CPU
		{DAAE97C8-C2DB-4569-959A-628618D67CE3}.Release|Any CPU.ActiveCfg = Release|Any CPU
		{DAAE97C8-C2DB-4569-959A-628618D67CE3}.Release|Any CPU.Build.0 = Release|Any CPU
		{3302EB3E-7348-49E7-9348-75C75044642F}.Debug|Any CPU.ActiveCfg = Debug|Any CPU
		{3302EB3E-7348-49E7-9348-75C75044642F}.Debug|Any CPU.Build.0 = Debug|Any CPU
		{3302EB3E-7348-49E7-9348-75C75044642F}.Release|Any CPU.ActiveCfg = Release|Any CPU
		{3302EB3E-7348-49E7-9348-75C75044642F}.Release|Any CPU.Build.0 = Release|Any CPU
	EndGlobalSection
	GlobalSection(SolutionProperties) = preSolution
		HideSolutionNode = FALSE
	EndGlobalSection
	GlobalSection(ExtensibilityGlobals) = postSolution
		SolutionGuid = {A0FF342E-D634-4DD4-8096-E81AEEC79556}
	EndGlobalSection
EndGlobal
